
Microsoft Visual Studio Solution File, Format Version 12.00
# Visual Studio Version 17
VisualStudioVersion = 17.11.35222.181
MinimumVisualStudioVersion = 10.0.40219.1
Project("{F184B08F-C81C-45F6-A57F-5ABD9991F28F}") = "ProjectC", "ProjectC\ProjectC.vbproj", "{C9C9F810-3744-4792-B332-41E979EB85D5}"
EndProject
Global
	GlobalSection(SolutionConfigurationPlatforms) = preSolution
		Debug|Any CPU = Debug|Any CPU
		Release|Any CPU = Release|Any CPU
	EndGlobalSection
	GlobalSection(ProjectConfigurationPlatforms) = postSolution
		{C9C9F810-3744-4792-B332-41E979EB85D5}.Debug|Any CPU.ActiveCfg = Debug|Any CPU
		{C9C9F810-3744-4792-B332-41E979EB85D5}.Debug|Any CPU.Build.0 = Debug|Any CPU
		{C9C9F810-3744-4792-B332-41E979EB85D5}.Release|Any CPU.ActiveCfg = Release|Any CPU
		{C9C9F810-3744-4792-B332-41E979EB85D5}.Release|Any CPU.Build.0 = Release|Any CPU
	EndGlobalSection
	GlobalSection(SolutionProperties) = preSolution
		HideSolutionNode = FALSE
	EndGlobalSection
	GlobalSection(ExtensibilityGlobals) = postSolution
		SolutionGuid = {C336A27C-9C6F-447C-802B-340861AC2515}
	EndGlobalSection
EndGlobal
